
Microsoft Visual Studio Solution File, Format Version 12.00
# Visual Studio Version 16
VisualStudioVersion = 16.0.31424.327
MinimumVisualStudioVersion = 10.0.40219.1
Project("{FAE04EC0-301F-11D3-BF4B-00C04F79EFBC}") = "HomeInventoryProject", "HomeInventoryProject.csproj", "{005EDB73-2EAA-493E-B51B-B3D9956BA122}"
EndProject
Global
	GlobalSection(SolutionConfigurationPlatforms) = preSolution
		Debug|Any CPU = Debug|Any CPU
		Release|Any CPU = Release|Any CPU
	EndGlobalSection
	GlobalSection(ProjectConfigurationPlatforms) = postSolution
		{005EDB73-2EAA-493E-B51B-B3D9956BA122}.Debug|Any CPU.ActiveCfg = Debug|Any CPU
		{005EDB73-2EAA-493E-B51B-B3D9956BA122}.Debug|Any CPU.Build.0 = Debug|Any CPU
		{005EDB73-2EAA-493E-B51B-B3D9956BA122}.Release|Any CPU.ActiveCfg = Release|Any CPU
		{005EDB73-2EAA-493E-B51B-B3D9956BA122}.Release|Any CPU.Build.0 = Release|Any CPU
	EndGlobalSection
	GlobalSection(SolutionProperties) = preSolution
		HideSolutionNode = FALSE
	EndGlobalSection
	GlobalSection(ExtensibilityGlobals) = postSolution
		SolutionGuid = {8C766893-3187-41FC-B28D-EE02C8DD6A70}
	EndGlobalSection
EndGlobal
